schema: '2.0'
stages:
  get-data:
    cmd: python src/get_data.py --output_folder outs/data
    deps:
    - path: src/get_data.py
      md5: 4661b03a1d5ea1e17cfa2107fd8dc6fc
      size: 1790
    params:
      params.yaml:
        data.labels:
        - data-sync
        - experiments
        - plots
        data.repo: iterative/dvc
        data.since: 2021/01/01
        data.until: 2022/02/25
    outs:
    - path: outs/data
      md5: ee718b82fa4b349030b0d118f6ad4eb0.dir
      size: 7726
      nfiles: 149
  split-data:
    cmd: python src/split_data.py outs/data outs/split 0.2 outs/split_metrics.json
    deps:
    - path: outs/data
      md5: ee718b82fa4b349030b0d118f6ad4eb0.dir
      size: 7726
      nfiles: 149
    - path: src/split_data.py
      md5: 4257c1dd971b77407f5e86af0e0edd4d
      size: 2177
    outs:
    - path: outs/split
      md5: f8d5178d4993db36918c6439855b00fa.dir
      size: 11627
      nfiles: 2
    - path: outs/split_metrics.json
      md5: 34a0b6a3d292550779bcd8305fdf2b92
      size: 167
  compute-data-metrics:
    cmd: python src/compute_data_metrics.py --input_folder outs/data --output_metrics_file
      outs/data_metrics.json
    deps:
    - path: outs/data
      md5: ee718b82fa4b349030b0d118f6ad4eb0.dir
      size: 7726
      nfiles: 149
    - path: src/compute_data_metrics.py
      md5: 2667ba0ed4ea950a2c77df60a2921429
      size: 566
    outs:
    - path: outs/data_metrics.json
      md5: b47806515a30f27fc1bb228bc1389a1f
      size: 63
  train:
    cmd: python src/train.py outs/split outs/train
    deps:
    - path: outs/split
      md5: f8d5178d4993db36918c6439855b00fa.dir
      size: 11627
      nfiles: 2
    - path: src/train.py
      md5: 4ec2d0447c5ce60a6ca3314c3a9d7fe1
      size: 2501
    params:
      params.yaml:
        data.labels:
        - data-sync
        - experiments
        - plots
        train:
          output_folder: outs/train
          metrics_folder: outs/train_metrics
          pretrained_model: MoritzLaurer/xtremedistil-l6-h256-mnli-fever-anli-ling-binary
          epochs: 15
    outs:
    - path: outs/train
      md5: 8d6419bad529f7c16fba45740a473865.dir
      size: 51993030
      nfiles: 7
    - path: outs/train_metrics
      md5: eff7831f02889ba1bdd48f78b13a3376.dir
      size: 2905
      nfiles: 10
    - path: outs/train_metrics.json
      md5: b9d7b6e12e761332b44402850bdd57e9
      size: 366
  eval:
    cmd: python src/eval.py outs/split/val.json outs/train outs/eval
    deps:
    - path: outs/split/val.json
      md5: 821af542c4c6ea377b22dc320540dcbd
      size: 2399
    - path: outs/train
      md5: 8d6419bad529f7c16fba45740a473865.dir
      size: 51993030
      nfiles: 7
    - path: src/eval.py
      md5: f733df5cfaaef682afcc65babff16c06
      size: 978
    - path: src/inference.py
      md5: 0c3515e93bb2377cc71dd6086c9d1010
      size: 605
    params:
      params.yaml:
        data.labels:
        - data-sync
        - experiments
        - plots
    outs:
    - path: outs/eval/plots/confusion_matrix.json
      md5: 41181eafb7c3af55219649323b085a9b
      size: 2344
